
Microsoft Visual Studio Solution File, Format Version 12.00
# Visual Studio Version 17
VisualStudioVersion = 17.6.33815.320
MinimumVisualStudioVersion = 10.0.40219.1
Project("{888888A0-9F3D-457C-B088-3A5042F75D52}") = "001", "001\001.pyproj", "{3E794CBF-1002-4173-8CB9-16F48B5A38AA}"
EndProject
Project("{888888A0-9F3D-457C-B088-3A5042F75D52}") = "001H", "001H\001H.pyproj", "{CBFC28BF-B0AA-4EDB-B9F9-294AF69CE6A8}"
EndProject
Project("{888888A0-9F3D-457C-B088-3A5042F75D52}") = "002", "002\002.pyproj", "{4FD299D0-E640-46D2-9B58-15F785F5B2B6}"
EndProject
Project("{888888A0-9F3D-457C-B088-3A5042F75D52}") = "002H", "002H\002H.pyproj", "{4C3173F0-A08A-41A0-8E25-B93F7BD13681}"
EndProject
Project("{888888A0-9F3D-457C-B088-3A5042F75D52}") = "008", "008\008.pyproj", "{D2C49AFF-DE6A-4A24-AE63-40865E42B847}"
EndProject
Project("{888888A0-9F3D-457C-B088-3A5042F75D52}") = "008H", "008H\008H.pyproj", "{C6A19A75-86E1-4F4B-8D85-D11FDA01394F}"
EndProject
Project("{888888A0-9F3D-457C-B088-3A5042F75D52}") = "025", "025\025.pyproj", "{05DBF036-2ABF-4BE8-B750-C2604F8D9015}"
EndProject
Project("{888888A0-9F3D-457C-B088-3A5042F75D52}") = "025H", "025H\025H.pyproj", "{5857621F-2518-45C9-9E8B-59EE1378214C}"
EndProject
Project("{888888A0-9F3D-457C-B088-3A5042F75D52}") = "027", "027\027.pyproj", "{CAE850D6-D785-4D69-8676-1BAFD3D2F8F1}"
EndProject
Project("{888888A0-9F3D-457C-B088-3A5042F75D52}") = "027H", "027H\027H.pyproj", "{5BA7897D-0E06-4F0E-8CB1-B3B467BF0562}"
EndProject
Project("{888888A0-9F3D-457C-B088-3A5042F75D52}") = "029", "029\029.pyproj", "{4CC4BEA7-ED6D-4B89-A4F0-64BCFD76E278}"
EndProject
Project("{888888A0-9F3D-457C-B088-3A5042F75D52}") = "029H", "029H\029H.pyproj", "{68C7DCF5-7AC5-46AA-8EF7-6D4A9FC913EF}"
EndProject
Project("{888888A0-9F3D-457C-B088-3A5042F75D52}") = "035", "035\035.pyproj", "{27C44B66-ABAE-45B1-A5A6-E525C32BCE9A}"
EndProject
Project("{888888A0-9F3D-457C-B088-3A5042F75D52}") = "035H", "035H\035H.pyproj", "{3627CD40-B37C-433F-B9D5-CB3A789EE453}"
EndProject
Project("{888888A0-9F3D-457C-B088-3A5042F75D52}") = "036", "036\036.pyproj", "{56DA1A82-01C4-4728-A72C-2EC241462FF0}"
EndProject
Project("{888888A0-9F3D-457C-B088-3A5042F75D52}") = "036H", "036H\036H.pyproj", "{4D829A17-89EB-460A-BA1F-DA0C81685208}"
EndProject
Project("{888888A0-9F3D-457C-B088-3A5042F75D52}") = "049", "049\049.pyproj", "{08AD4207-ED9C-4AEB-ADF1-4FE61C4200B8}"
EndProject
Project("{888888A0-9F3D-457C-B088-3A5042F75D52}") = "049H", "049H\049H.pyproj", "{AB05DCBB-ED94-4B55-BD69-E93372BEA601}"
EndProject
Project("{888888A0-9F3D-457C-B088-3A5042F75D52}") = "052", "052\052.pyproj", "{94BCF37F-2F4D-4CAD-9563-D28D6A8E3746}"
EndProject
Project("{888888A0-9F3D-457C-B088-3A5042F75D52}") = "052H", "052H\052H.pyproj", "{CD9F9E1B-6A50-4AAE-B7ED-29AB954E3629}"
EndProject
Project("{888888A0-9F3D-457C-B088-3A5042F75D52}") = "066", "066\066.pyproj", "{0BA7B646-C67B-450A-B808-647AEC66C4F3}"
EndProject
Project("{888888A0-9F3D-457C-B088-3A5042F75D52}") = "066H", "066H\066H.pyproj", "{3B6BD9A1-CCDF-4B4A-AE37-4FFAFB18E515}"
EndProject
Project("{888888A0-9F3D-457C-B088-3A5042F75D52}") = "098", "098\098.pyproj", "{97D5745F-334B-48AD-BBA3-FE917BC2A5BB}"
EndProject
Project("{888888A0-9F3D-457C-B088-3A5042F75D52}") = "098H", "098H\098H.pyproj", "{05BA0088-2D5D-408F-9527-B01E8BFDD1FC}"
EndProject
Project("{888888A0-9F3D-457C-B088-3A5042F75D52}") = "101", "101\101.pyproj", "{4B5553BA-150A-460F-BAA3-4D60F670FED0}"
EndProject
Project("{888888A0-9F3D-457C-B088-3A5042F75D52}") = "101H", "101H\101H.pyproj", "{8045C2D4-E4FA-446E-B067-C1F661433B37}"
EndProject
Project("{888888A0-9F3D-457C-B088-3A5042F75D52}") = "115", "115\115.pyproj", "{AAD8CE88-796B-46EE-BD9D-D258D899042E}"
EndProject
Project("{888888A0-9F3D-457C-B088-3A5042F75D52}") = "115H", "115H\115H.pyproj", "{9A8B128C-7BFE-4890-ACE9-1A537D8670B4}"
EndProject
Project("{888888A0-9F3D-457C-B088-3A5042F75D52}") = "139", "139\139.pyproj", "{2E469B67-970A-43CE-8B43-B47D45AA5735}"
EndProject
Project("{888888A0-9F3D-457C-B088-3A5042F75D52}") = "139H", "139H\139H.pyproj", "{C74CCF5F-A1EA-40B4-B00A-9D85162197F3}"
EndProject
Project("{888888A0-9F3D-457C-B088-3A5042F75D52}") = "140", "140\140.pyproj", "{A51679AF-E786-409E-A2AB-73A2267B8B3A}"
EndProject
Project("{888888A0-9F3D-457C-B088-3A5042F75D52}") = "140H", "140H\140H.pyproj", "{721A311A-CD57-4F35-A276-FD83FEFD2690}"
EndProject
Project("{888888A0-9F3D-457C-B088-3A5042F75D52}") = "141", "141\141.pyproj", "{4E8A1910-05D3-45EC-83A6-D70FC0320C59}"
EndProject
Project("{888888A0-9F3D-457C-B088-3A5042F75D52}") = "141H", "141H\141H.pyproj", "{6CF75E24-17BF-46C5-B22B-B30C6C8F64C7}"
EndProject
Project("{888888A0-9F3D-457C-B088-3A5042F75D52}") = "142", "142\142.pyproj", "{8308E959-50C4-4A90-BC83-2FCCDABF5082}"
EndProject
Project("{888888A0-9F3D-457C-B088-3A5042F75D52}") = "142H", "142H\142H.pyproj", "{EF6258DF-8AB8-4668-BFBE-20DC36C7D544}"
EndProject
Project("{888888A0-9F3D-457C-B088-3A5042F75D52}") = "143", "143\143.pyproj", "{F7DD31F0-B113-48E4-BC8D-97496BD78A65}"
EndProject
Project("{888888A0-9F3D-457C-B088-3A5042F75D52}") = "143H", "143H\143H.pyproj", "{BDF269C0-61E0-4E38-9435-BC05A7DEDF66}"
EndProject
Project("{888888A0-9F3D-457C-B088-3A5042F75D52}") = "144", "144\144.pyproj", "{26647629-711E-4392-8685-BD134E6FB168}"
EndProject
Project("{888888A0-9F3D-457C-B088-3A5042F75D52}") = "144H", "144H\144H.pyproj", "{A4E217ED-0923-47F3-9549-EAD2F02794F4}"
EndProject
Project("{888888A0-9F3D-457C-B088-3A5042F75D52}") = "145", "145\145.pyproj", "{97BF0442-8195-4EE6-9C6C-FC2C32045D54}"
EndProject
Project("{888888A0-9F3D-457C-B088-3A5042F75D52}") = "145H", "145H\145H.pyproj", "{B89336A2-657D-4F51-AB0C-1062F5AC2A3D}"
EndProject
Project("{888888A0-9F3D-457C-B088-3A5042F75D52}") = "146", "146\146.pyproj", "{4159B053-B44E-45F8-AD02-86AE3D0E3B83}"
EndProject
Project("{888888A0-9F3D-457C-B088-3A5042F75D52}") = "146H", "146H\146H.pyproj", "{272DD006-E2B3-461B-9DAE-219E83D7FAB1}"
EndProject
Project("{888888A0-9F3D-457C-B088-3A5042F75D52}") = "147", "147\147.pyproj", "{2EDD1E1E-3F9C-44E5-B701-5997C242D298}"
EndProject
Project("{888888A0-9F3D-457C-B088-3A5042F75D52}") = "147H", "147H\147H.pyproj", "{4B7C9324-E557-464C-BB5E-3DDD03419D27}"
EndProject
Project("{888888A0-9F3D-457C-B088-3A5042F75D52}") = "149", "149\149.pyproj", "{4DDDDD45-4564-4CFD-AD00-07AC9AE09502}"
EndProject
Project("{888888A0-9F3D-457C-B088-3A5042F75D52}") = "149H", "149H\149H.pyproj", "{C8024000-A6F4-4D23-8ADF-8A7AAB109044}"
EndProject
Project("{888888A0-9F3D-457C-B088-3A5042F75D52}") = "150", "150\150.pyproj", "{2EAFFFB7-D01A-47EC-865C-BEDFF853C637}"
EndProject
Project("{888888A0-9F3D-457C-B088-3A5042F75D52}") = "150H", "150H\150H.pyproj", "{85AF9B61-FA0B-4B0A-99B4-25220925F09C}"
EndProject
Project("{888888A0-9F3D-457C-B088-3A5042F75D52}") = "151", "151\151.pyproj", "{F24879B4-AB2F-4ADB-AE00-E659863D519E}"
EndProject
Project("{888888A0-9F3D-457C-B088-3A5042F75D52}") = "151H", "151H\151H.pyproj", "{7C72F301-931C-4D1B-9DA6-8285E78009CA}"
EndProject
Global
	GlobalSection(SolutionConfigurationPlatforms) = preSolution
		Debug|Any CPU = Debug|Any CPU
		Release|Any CPU = Release|Any CPU
	EndGlobalSection
	GlobalSection(ProjectConfigurationPlatforms) = postSolution
		{3E794CBF-1002-4173-8CB9-16F48B5A38AA}.Debug|Any CPU.ActiveCfg = Debug|Any CPU
		{3E794CBF-1002-4173-8CB9-16F48B5A38AA}.Release|Any CPU.ActiveCfg = Release|Any CPU
		{CBFC28BF-B0AA-4EDB-B9F9-294AF69CE6A8}.Debug|Any CPU.ActiveCfg = Debug|Any CPU
		{CBFC28BF-B0AA-4EDB-B9F9-294AF69CE6A8}.Release|Any CPU.ActiveCfg = Release|Any CPU
		{4FD299D0-E640-46D2-9B58-15F785F5B2B6}.Debug|Any CPU.ActiveCfg = Debug|Any CPU
		{4FD299D0-E640-46D2-9B58-15F785F5B2B6}.Release|Any CPU.ActiveCfg = Release|Any CPU
		{4C3173F0-A08A-41A0-8E25-B93F7BD13681}.Debug|Any CPU.ActiveCfg = Debug|Any CPU
		{4C3173F0-A08A-41A0-8E25-B93F7BD13681}.Release|Any CPU.ActiveCfg = Release|Any CPU
		{D2C49AFF-DE6A-4A24-AE63-40865E42B847}.Debug|Any CPU.ActiveCfg = Debug|Any CPU
		{D2C49AFF-DE6A-4A24-AE63-40865E42B847}.Release|Any CPU.ActiveCfg = Release|Any CPU
		{C6A19A75-86E1-4F4B-8D85-D11FDA01394F}.Debug|Any CPU.ActiveCfg = Debug|Any CPU
		{C6A19A75-86E1-4F4B-8D85-D11FDA01394F}.Release|Any CPU.ActiveCfg = Release|Any CPU
		{05DBF036-2ABF-4BE8-B750-C2604F8D9015}.Debug|Any CPU.ActiveCfg = Debug|Any CPU
		{05DBF036-2ABF-4BE8-B750-C2604F8D9015}.Release|Any CPU.ActiveCfg = Release|Any CPU
		{5857621F-2518-45C9-9E8B-59EE1378214C}.Debug|Any CPU.ActiveCfg = Debug|Any CPU
		{5857621F-2518-45C9-9E8B-59EE1378214C}.Release|Any CPU.ActiveCfg = Release|Any CPU
		{CAE850D6-D785-4D69-8676-1BAFD3D2F8F1}.Debug|Any CPU.ActiveCfg = Debug|Any CPU
		{CAE850D6-D785-4D69-8676-1BAFD3D2F8F1}.Release|Any CPU.ActiveCfg = Release|Any CPU
		{5BA7897D-0E06-4F0E-8CB1-B3B467BF0562}.Debug|Any CPU.ActiveCfg = Debug|Any CPU
		{5BA7897D-0E06-4F0E-8CB1-B3B467BF0562}.Release|Any CPU.ActiveCfg = Release|Any CPU
		{4CC4BEA7-ED6D-4B89-A4F0-64BCFD76E278}.Debug|Any CPU.ActiveCfg = Debug|Any CPU
		{4CC4BEA7-ED6D-4B89-A4F0-64BCFD76E278}.Release|Any CPU.ActiveCfg = Release|Any CPU
		{68C7DCF5-7AC5-46AA-8EF7-6D4A9FC913EF}.Debug|Any CPU.ActiveCfg = Debug|Any CPU
		{68C7DCF5-7AC5-46AA-8EF7-6D4A9FC913EF}.Release|Any CPU.ActiveCfg = Release|Any CPU
		{27C44B66-ABAE-45B1-A5A6-E525C32BCE9A}.Debug|Any CPU.ActiveCfg = Debug|Any CPU
		{27C44B66-ABAE-45B1-A5A6-E525C32BCE9A}.Release|Any CPU.ActiveCfg = Release|Any CPU
		{3627CD40-B37C-433F-B9D5-CB3A789EE453}.Debug|Any CPU.ActiveCfg = Debug|Any CPU
		{3627CD40-B37C-433F-B9D5-CB3A789EE453}.Release|Any CPU.ActiveCfg = Release|Any CPU
		{56DA1A82-01C4-4728-A72C-2EC241462FF0}.Debug|Any CPU.ActiveCfg = Debug|Any CPU
		{56DA1A82-01C4-4728-A72C-2EC241462FF0}.Release|Any CPU.ActiveCfg = Release|Any CPU
		{4D829A17-89EB-460A-BA1F-DA0C81685208}.Debug|Any CPU.ActiveCfg = Debug|Any CPU
		{4D829A17-89EB-460A-BA1F-DA0C81685208}.Release|Any CPU.ActiveCfg = Release|Any CPU
		{08AD4207-ED9C-4AEB-ADF1-4FE61C4200B8}.Debug|Any CPU.ActiveCfg = Debug|Any CPU
		{08AD4207-ED9C-4AEB-ADF1-4FE61C4200B8}.Release|Any CPU.ActiveCfg = Release|Any CPU
		{AB05DCBB-ED94-4B55-BD69-E93372BEA601}.Debug|Any CPU.ActiveCfg = Debug|Any CPU
		{AB05DCBB-ED94-4B55-BD69-E93372BEA601}.Release|Any CPU.ActiveCfg = Release|Any CPU
		{94BCF37F-2F4D-4CAD-9563-D28D6A8E3746}.Debug|Any CPU.ActiveCfg = Debug|Any CPU
		{94BCF37F-2F4D-4CAD-9563-D28D6A8E3746}.Release|Any CPU.ActiveCfg = Release|Any CPU
		{CD9F9E1B-6A50-4AAE-B7ED-29AB954E3629}.Debug|Any CPU.ActiveCfg = Debug|Any CPU
		{CD9F9E1B-6A50-4AAE-B7ED-29AB954E3629}.Release|Any CPU.ActiveCfg = Release|Any CPU
		{0BA7B646-C67B-450A-B808-647AEC66C4F3}.Debug|Any CPU.ActiveCfg = Debug|Any CPU
		{0BA7B646-C67B-450A-B808-647AEC66C4F3}.Release|Any CPU.ActiveCfg = Release|Any CPU
		{3B6BD9A1-CCDF-4B4A-AE37-4FFAFB18E515}.Debug|Any CPU.ActiveCfg = Debug|Any CPU
		{3B6BD9A1-CCDF-4B4A-AE37-4FFAFB18E515}.Release|Any CPU.ActiveCfg = Release|Any CPU
		{97D5745F-334B-48AD-BBA3-FE917BC2A5BB}.Debug|Any CPU.ActiveCfg = Debug|Any CPU
		{97D5745F-334B-48AD-BBA3-FE917BC2A5BB}.Release|Any CPU.ActiveCfg = Release|Any CPU
		{05BA0088-2D5D-408F-9527-B01E8BFDD1FC}.Debug|Any CPU.ActiveCfg = Debug|Any CPU
		{05BA0088-2D5D-408F-9527-B01E8BFDD1FC}.Release|Any CPU.ActiveCfg = Release|Any CPU
		{4B5553BA-150A-460F-BAA3-4D60F670FED0}.Debug|Any CPU.ActiveCfg = Debug|Any CPU
		{4B5553BA-150A-460F-BAA3-4D60F670FED0}.Release|Any CPU.ActiveCfg = Release|Any CPU
		{8045C2D4-E4FA-446E-B067-C1F661433B37}.Debug|Any CPU.ActiveCfg = Debug|Any CPU
		{8045C2D4-E4FA-446E-B067-C1F661433B37}.Release|Any CPU.ActiveCfg = Release|Any CPU
		{AAD8CE88-796B-46EE-BD9D-D258D899042E}.Debug|Any CPU.ActiveCfg = Debug|Any CPU
		{AAD8CE88-796B-46EE-BD9D-D258D899042E}.Release|Any CPU.ActiveCfg = Release|Any CPU
		{9A8B128C-7BFE-4890-ACE9-1A537D8670B4}.Debug|Any CPU.ActiveCfg = Debug|Any CPU
		{9A8B128C-7BFE-4890-ACE9-1A537D8670B4}.Release|Any CPU.ActiveCfg = Release|Any CPU
		{2E469B67-970A-43CE-8B43-B47D45AA5735}.Debug|Any CPU.ActiveCfg = Debug|Any CPU
		{2E469B67-970A-43CE-8B43-B47D45AA5735}.Release|Any CPU.ActiveCfg = Release|Any CPU
		{C74CCF5F-A1EA-40B4-B00A-9D85162197F3}.Debug|Any CPU.ActiveCfg = Debug|Any CPU
		{C74CCF5F-A1EA-40B4-B00A-9D85162197F3}.Release|Any CPU.ActiveCfg = Release|Any CPU
		{A51679AF-E786-409E-A2AB-73A2267B8B3A}.Debug|Any CPU.ActiveCfg = Debug|Any CPU
		{A51679AF-E786-409E-A2AB-73A2267B8B3A}.Release|Any CPU.ActiveCfg = Release|Any CPU
		{721A311A-CD57-4F35-A276-FD83FEFD2690}.Debug|Any CPU.ActiveCfg = Debug|Any CPU
		{721A311A-CD57-4F35-A276-FD83FEFD2690}.Release|Any CPU.ActiveCfg = Release|Any CPU
		{4E8A1910-05D3-45EC-83A6-D70FC0320C59}.Debug|Any CPU.ActiveCfg = Debug|Any CPU
		{4E8A1910-05D3-45EC-83A6-D70FC0320C59}.Release|Any CPU.ActiveCfg = Release|Any CPU
		{6CF75E24-17BF-46C5-B22B-B30C6C8F64C7}.Debug|Any CPU.ActiveCfg = Debug|Any CPU
		{6CF75E24-17BF-46C5-B22B-B30C6C8F64C7}.Release|Any CPU.ActiveCfg = Release|Any CPU
		{8308E959-50C4-4A90-BC83-2FCCDABF5082}.Debug|Any CPU.ActiveCfg = Debug|Any CPU
		{8308E959-50C4-4A90-BC83-2FCCDABF5082}.Release|Any CPU.ActiveCfg = Release|Any CPU
		{EF6258DF-8AB8-4668-BFBE-20DC36C7D544}.Debug|Any CPU.ActiveCfg = Debug|Any CPU
		{EF6258DF-8AB8-4668-BFBE-20DC36C7D544}.Release|Any CPU.ActiveCfg = Release|Any CPU
		{F7DD31F0-B113-48E4-BC8D-97496BD78A65}.Debug|Any CPU.ActiveCfg = Debug|Any CPU
		{F7DD31F0-B113-48E4-BC8D-97496BD78A65}.Release|Any CPU.ActiveCfg = Release|Any CPU
		{BDF269C0-61E0-4E38-9435-BC05A7DEDF66}.Debug|Any CPU.ActiveCfg = Debug|Any CPU
		{BDF269C0-61E0-4E38-9435-BC05A7DEDF66}.Release|Any CPU.ActiveCfg = Release|Any CPU
		{26647629-711E-4392-8685-BD134E6FB168}.Debug|Any CPU.ActiveCfg = Debug|Any CPU
		{26647629-711E-4392-8685-BD134E6FB168}.Release|Any CPU.ActiveCfg = Release|Any CPU
		{A4E217ED-0923-47F3-9549-EAD2F02794F4}.Debug|Any CPU.ActiveCfg = Debug|Any CPU
		{A4E217ED-0923-47F3-9549-EAD2F02794F4}.Release|Any CPU.ActiveCfg = Release|Any CPU
		{97BF0442-8195-4EE6-9C6C-FC2C32045D54}.Debug|Any CPU.ActiveCfg = Debug|Any CPU
		{97BF0442-8195-4EE6-9C6C-FC2C32045D54}.Release|Any CPU.ActiveCfg = Release|Any CPU
		{B89336A2-657D-4F51-AB0C-1062F5AC2A3D}.Debug|Any CPU.ActiveCfg = Debug|Any CPU
		{B89336A2-657D-4F51-AB0C-1062F5AC2A3D}.Release|Any CPU.ActiveCfg = Release|Any CPU
		{4159B053-B44E-45F8-AD02-86AE3D0E3B83}.Debug|Any CPU.ActiveCfg = Debug|Any CPU
		{4159B053-B44E-45F8-AD02-86AE3D0E3B83}.Release|Any CPU.ActiveCfg = Release|Any CPU
		{272DD006-E2B3-461B-9DAE-219E83D7FAB1}.Debug|Any CPU.ActiveCfg = Debug|Any CPU
		{272DD006-E2B3-461B-9DAE-219E83D7FAB1}.Release|Any CPU.ActiveCfg = Release|Any CPU
		{2EDD1E1E-3F9C-44E5-B701-5997C242D298}.Debug|Any CPU.ActiveCfg = Debug|Any CPU
		{2EDD1E1E-3F9C-44E5-B701-5997C242D298}.Release|Any CPU.ActiveCfg = Release|Any CPU
		{4B7C9324-E557-464C-BB5E-3DDD03419D27}.Debug|Any CPU.ActiveCfg = Debug|Any CPU
		{4B7C9324-E557-464C-BB5E-3DDD03419D27}.Release|Any CPU.ActiveCfg = Release|Any CPU
		{4DDDDD45-4564-4CFD-AD00-07AC9AE09502}.Debug|Any CPU.ActiveCfg = Debug|Any CPU
		{4DDDDD45-4564-4CFD-AD00-07AC9AE09502}.Release|Any CPU.ActiveCfg = Release|Any CPU
		{C8024000-A6F4-4D23-8ADF-8A7AAB109044}.Debug|Any CPU.ActiveCfg = Debug|Any CPU
		{C8024000-A6F4-4D23-8ADF-8A7AAB109044}.Release|Any CPU.ActiveCfg = Release|Any CPU
		{2EAFFFB7-D01A-47EC-865C-BEDFF853C637}.Debug|Any CPU.ActiveCfg = Debug|Any CPU
		{2EAFFFB7-D01A-47EC-865C-BEDFF853C637}.Release|Any CPU.ActiveCfg = Release|Any CPU
		{85AF9B61-FA0B-4B0A-99B4-25220925F09C}.Debug|Any CPU.ActiveCfg = Debug|Any CPU
		{85AF9B61-FA0B-4B0A-99B4-25220925F09C}.Release|Any CPU.ActiveCfg = Release|Any CPU
		{F24879B4-AB2F-4ADB-AE00-E659863D519E}.Debug|Any CPU.ActiveCfg = Debug|Any CPU
		{F24879B4-AB2F-4ADB-AE00-E659863D519E}.Release|Any CPU.ActiveCfg = Release|Any CPU
		{7C72F301-931C-4D1B-9DA6-8285E78009CA}.Debug|Any CPU.ActiveCfg = Debug|Any CPU
		{7C72F301-931C-4D1B-9DA6-8285E78009CA}.Release|Any CPU.ActiveCfg = Release|Any CPU
	EndGlobalSection
	GlobalSection(SolutionProperties) = preSolution
		HideSolutionNode = FALSE
	EndGlobalSection
	GlobalSection(ExtensibilityGlobals) = postSolution
		SolutionGuid = {AE8F620C-E535-4FAD-AB29-79CC4C9F973A}
	EndGlobalSection
EndGlobal
